// !$*UTF8*$!
{
	archiveVersion = 1;
	classes = {
	};
	objectVersion = 56;
	objects = {

/* Begin PBXBuildFile section */
		432016472CC7AD45001F3508 /* Category.swift in Sources */ = {isa = PBXBuildFile; fileRef = 432016462CC7AD45001F3508 /* Category.swift */; };
		4320164B2CC7B78F001F3508 /* PreviewDataController.swift in Sources */ = {isa = PBXBuildFile; fileRef = 4320164A2CC7B78F001F3508 /* PreviewDataController.swift */; };
		4355EF722CC69B19002CA697 /* CoordinatorView.swift in Sources */ = {isa = PBXBuildFile; fileRef = 4355EF712CC69B19002CA697 /* CoordinatorView.swift */; };
		4355EF742CC69B43002CA697 /* Coordinator.swift in Sources */ = {isa = PBXBuildFile; fileRef = 4355EF732CC69B43002CA697 /* Coordinator.swift */; };
		4355EF782CC69BE7002CA697 /* AppPages.swift in Sources */ = {isa = PBXBuildFile; fileRef = 4355EF772CC69BE7002CA697 /* AppPages.swift */; };
		43A2DD442CB517CF002C41BE /* FlashCardAppApp.swift in Sources */ = {isa = PBXBuildFile; fileRef = 43A2DD432CB517CF002C41BE /* FlashCardAppApp.swift */; };
		43A2DD462CB517CF002C41BE /* ContentView.swift in Sources */ = {isa = PBXBuildFile; fileRef = 43A2DD452CB517CF002C41BE /* ContentView.swift */; };
		43A2DD4A2CB517D0002C41BE /* Assets.xcassets in Resources */ = {isa = PBXBuildFile; fileRef = 43A2DD492CB517D0002C41BE /* Assets.xcassets */; };
		43A2DD4D2CB517D0002C41BE /* Preview Assets.xcassets in Resources */ = {isa = PBXBuildFile; fileRef = 43A2DD4C2CB517D0002C41BE /* Preview Assets.xcassets */; };
		43A2DD542CB5195E002C41BE /* HomeScreen.swift in Sources */ = {isa = PBXBuildFile; fileRef = 43A2DD532CB5195E002C41BE /* HomeScreen.swift */; };
		43A2DD562CB51B06002C41BE /* QuizView.swift in Sources */ = {isa = PBXBuildFile; fileRef = 43A2DD552CB51B06002C41BE /* QuizView.swift */; };
		43A2DD592CB51F2B002C41BE /* AddDeckScreen.swift in Sources */ = {isa = PBXBuildFile; fileRef = 43A2DD582CB51F2B002C41BE /* AddDeckScreen.swift */; };
		43AFCC902CCA6E06003A921D /* AddNewCategoryScreen.swift in Sources */ = {isa = PBXBuildFile; fileRef = 43AFCC8F2CCA6E06003A921D /* AddNewCategoryScreen.swift */; };
		43B8803C2CB555AA00F27A3B /* CardFrontView.swift in Sources */ = {isa = PBXBuildFile; fileRef = 43B8803B2CB555AA00F27A3B /* CardFrontView.swift */; };
		43B8803E2CB55D5A00F27A3B /* CardBackView.swift in Sources */ = {isa = PBXBuildFile; fileRef = 43B8803D2CB55D5A00F27A3B /* CardBackView.swift */; };
/* End PBXBuildFile section */

/* Begin PBXFileReference section */
		432016462CC7AD45001F3508 /* Category.swift */ = {isa = PBXFileReference; lastKnownFileType = sourcecode.swift; path = Category.swift; sourceTree = "<group>"; };
		4320164A2CC7B78F001F3508 /* PreviewDataController.swift */ = {isa = PBXFileReference; lastKnownFileType = sourcecode.swift; path = PreviewDataController.swift; sourceTree = "<group>"; };
		4355EF712CC69B19002CA697 /* CoordinatorView.swift */ = {isa = PBXFileReference; lastKnownFileType = sourcecode.swift; path = CoordinatorView.swift; sourceTree = "<group>"; };
		4355EF732CC69B43002CA697 /* Coordinator.swift */ = {isa = PBXFileReference; lastKnownFileType = sourcecode.swift; path = Coordinator.swift; sourceTree = "<group>"; };
		4355EF772CC69BE7002CA697 /* AppPages.swift */ = {isa = PBXFileReference; lastKnownFileType = sourcecode.swift; path = AppPages.swift; sourceTree = "<group>"; };
		43A2DD402CB517CF002C41BE /* FlashCardApp.app */ = {isa = PBXFileReference; explicitFileType = wrapper.application; includeInIndex = 0; path = FlashCardApp.app; sourceTree = BUILT_PRODUCTS_DIR; };
		43A2DD432CB517CF002C41BE /* FlashCardAppApp.swift */ = {isa = PBXFileReference; lastKnownFileType = sourcecode.swift; path = FlashCardAppApp.swift; sourceTree = "<group>"; };
		43A2DD452CB517CF002C41BE /* ContentView.swift */ = {isa = PBXFileReference; lastKnownFileType = sourcecode.swift; path = ContentView.swift; sourceTree = "<group>"; };
		43A2DD492CB517D0002C41BE /* Assets.xcassets */ = {isa = PBXFileReference; lastKnownFileType = folder.assetcatalog; path = Assets.xcassets; sourceTree = "<group>"; };
		43A2DD4C2CB517D0002C41BE /* Preview Assets.xcassets */ = {isa = PBXFileReference; lastKnownFileType = folder.assetcatalog; path = "Preview Assets.xcassets"; sourceTree = "<group>"; };
		43A2DD532CB5195E002C41BE /* HomeScreen.swift */ = {isa = PBXFileReference; lastKnownFileType = sourcecode.swift; path = HomeScreen.swift; sourceTree = "<group>"; };
		43A2DD552CB51B06002C41BE /* QuizView.swift */ = {isa = PBXFileReference; lastKnownFileType = sourcecode.swift; path = QuizView.swift; sourceTree = "<group>"; };
		43A2DD582CB51F2B002C41BE /* AddDeckScreen.swift */ = {isa = PBXFileReference; lastKnownFileType = sourcecode.swift; path = AddDeckScreen.swift; sourceTree = "<group>"; };
		43AFCC8F2CCA6E06003A921D /* AddNewCategoryScreen.swift */ = {isa = PBXFileReference; lastKnownFileType = sourcecode.swift; path = AddNewCategoryScreen.swift; sourceTree = "<group>"; };
		43B8803B2CB555AA00F27A3B /* CardFrontView.swift */ = {isa = PBXFileReference; lastKnownFileType = sourcecode.swift; path = CardFrontView.swift; sourceTree = "<group>"; };
		43B8803D2CB55D5A00F27A3B /* CardBackView.swift */ = {isa = PBXFileReference; lastKnownFileType = sourcecode.swift; path = CardBackView.swift; sourceTree = "<group>"; };
/* End PBXFileReference section */

/* Begin PBXFrameworksBuildPhase section */
		43A2DD3D2CB517CF002C41BE /* Frameworks */ = {
			isa = PBXFrameworksBuildPhase;
			buildActionMask = 2147483647;
			files = (
			);
			runOnlyForDeploymentPostprocessing = 0;
		};
/* End PBXFrameworksBuildPhase section */

/* Begin PBXGroup section */
		432016442CC7ACDE001F3508 /* SwiftData */ = {
			isa = PBXGroup;
			children = (
				432016482CC7B772001F3508 /* Preview */,
				432016452CC7ACE5001F3508 /* Models */,
			);
			path = SwiftData;
			sourceTree = "<group>";
		};
		432016452CC7ACE5001F3508 /* Models */ = {
			isa = PBXGroup;
			children = (
				432016462CC7AD45001F3508 /* Category.swift */,
			);
			path = Models;
			sourceTree = "<group>";
		};
		432016482CC7B772001F3508 /* Preview */ = {
			isa = PBXGroup;
			children = (
				4320164A2CC7B78F001F3508 /* PreviewDataController.swift */,
			);
			path = Preview;
			sourceTree = "<group>";
		};
		4355EF702CC69B04002CA697 /* Coordinator */ = {
			isa = PBXGroup;
			children = (
				4355EF712CC69B19002CA697 /* CoordinatorView.swift */,
				4355EF732CC69B43002CA697 /* Coordinator.swift */,
				4355EF772CC69BE7002CA697 /* AppPages.swift */,
			);
			path = Coordinator;
			sourceTree = "<group>";
		};
		43A2DD372CB517CF002C41BE = {
			isa = PBXGroup;
			children = (
				43A2DD422CB517CF002C41BE /* FlashCardApp */,
				43A2DD412CB517CF002C41BE /* Products */,
			);
			sourceTree = "<group>";
		};
		43A2DD412CB517CF002C41BE /* Products */ = {
			isa = PBXGroup;
			children = (
				43A2DD402CB517CF002C41BE /* FlashCardApp.app */,
			);
			name = Products;
			sourceTree = "<group>";
		};
		43A2DD422CB517CF002C41BE /* FlashCardApp */ = {
			isa = PBXGroup;
			children = (
				43A2DD432CB517CF002C41BE /* FlashCardAppApp.swift */,
				432016442CC7ACDE001F3508 /* SwiftData */,
				4355EF702CC69B04002CA697 /* Coordinator */,
				43A2DD572CB51EF7002C41BE /* Screens */,
				43A2DD492CB517D0002C41BE /* Assets.xcassets */,
				43A2DD4B2CB517D0002C41BE /* Preview Content */,
			);
			path = FlashCardApp;
			sourceTree = "<group>";
		};
		43A2DD4B2CB517D0002C41BE /* Preview Content */ = {
			isa = PBXGroup;
			children = (
				43A2DD4C2CB517D0002C41BE /* Preview Assets.xcassets */,
			);
			path = "Preview Content";
			sourceTree = "<group>";
		};
		43A2DD572CB51EF7002C41BE /* Screens */ = {
			isa = PBXGroup;
			children = (
				43AFCC922CCA9B8D003A921D /* FlashCard */,
				43AFCC912CCA9B6F003A921D /* Decks */,
				43A2DD452CB517CF002C41BE /* ContentView.swift */,
			);
			path = Screens;
			sourceTree = "<group>";
		};
		43AFCC912CCA9B6F003A921D /* Decks */ = {
			isa = PBXGroup;
			children = (
				43A2DD532CB5195E002C41BE /* HomeScreen.swift */,
				43A2DD582CB51F2B002C41BE /* AddDeckScreen.swift */,
				43AFCC8F2CCA6E06003A921D /* AddNewCategoryScreen.swift */,
			);
			path = Decks;
			sourceTree = "<group>";
		};
		43AFCC922CCA9B8D003A921D /* FlashCard */ = {
			isa = PBXGroup;
			children = (
				43A2DD552CB51B06002C41BE /* QuizView.swift */,
				43B8803B2CB555AA00F27A3B /* CardFrontView.swift */,
				43B8803D2CB55D5A00F27A3B /* CardBackView.swift */,
			);
			path = FlashCard;
			sourceTree = "<group>";
		};
/* End PBXGroup section */

/* Begin PBXNativeTarget section */
		43A2DD3F2CB517CF002C41BE /* FlashCardApp */ = {
			isa = PBXNativeTarget;
			buildConfigurationList = 43A2DD502CB517D0002C41BE /* Build configuration list for PBXNativeTarget "FlashCardApp" */;
			buildPhases = (
				43A2DD3C2CB517CF002C41BE /* Sources */,
				43A2DD3D2CB517CF002C41BE /* Frameworks */,
				43A2DD3E2CB517CF002C41BE /* Resources */,
			);
			buildRules = (
			);
			dependencies = (
			);
			name = FlashCardApp;
			productName = FlashCardApp;
			productReference = 43A2DD402CB517CF002C41BE /* FlashCardApp.app */;
			productType = "com.apple.product-type.application";
		};
/* End PBXNativeTarget section */

/* Begin PBXProject section */
		43A2DD382CB517CF002C41BE /* Project object */ = {
			isa = PBXProject;
			attributes = {
				BuildIndependentTargetsInParallel = 1;
				LastSwiftUpdateCheck = 1520;
				LastUpgradeCheck = 1520;
				TargetAttributes = {
					43A2DD3F2CB517CF002C41BE = {
						CreatedOnToolsVersion = 15.2;
					};
				};
			};
			buildConfigurationList = 43A2DD3B2CB517CF002C41BE /* Build configuration list for PBXProject "FlashCardApp" */;
			compatibilityVersion = "Xcode 14.0";
			developmentRegion = en;
			hasScannedForEncodings = 0;
			knownRegions = (
				en,
				Base,
			);
			mainGroup = 43A2DD372CB517CF002C41BE;
			productRefGroup = 43A2DD412CB517CF002C41BE /* Products */;
			projectDirPath = "";
			projectRoot = "";
			targets = (
				43A2DD3F2CB517CF002C41BE /* FlashCardApp */,
			);
		};
/* End PBXProject section */

/* Begin PBXResourcesBuildPhase section */
		43A2DD3E2CB517CF002C41BE /* Resources */ = {
			isa = PBXResourcesBuildPhase;
			buildActionMask = 2147483647;
			files = (
				43A2DD4D2CB517D0002C41BE /* Preview Assets.xcassets in Resources */,
				43A2DD4A2CB517D0002C41BE /* Assets.xcassets in Resources */,
			);
			runOnlyForDeploymentPostprocessing = 0;
		};
/* End PBXResourcesBuildPhase section */

/* Begin PBXSourcesBuildPhase section */
		43A2DD3C2CB517CF002C41BE /* Sources */ = {
			isa = PBXSourcesBuildPhase;
			buildActionMask = 2147483647;
			files = (
				43A2DD542CB5195E002C41BE /* HomeScreen.swift in Sources */,
				4355EF722CC69B19002CA697 /* CoordinatorView.swift in Sources */,
				4355EF742CC69B43002CA697 /* Coordinator.swift in Sources */,
				43A2DD462CB517CF002C41BE /* ContentView.swift in Sources */,
				43A2DD592CB51F2B002C41BE /* AddDeckScreen.swift in Sources */,
				4320164B2CC7B78F001F3508 /* PreviewDataController.swift in Sources */,
				43B8803E2CB55D5A00F27A3B /* CardBackView.swift in Sources */,
				4355EF782CC69BE7002CA697 /* AppPages.swift in Sources */,
				43A2DD562CB51B06002C41BE /* QuizView.swift in Sources */,
				43B8803C2CB555AA00F27A3B /* CardFrontView.swift in Sources */,
				43AFCC902CCA6E06003A921D /* AddNewCategoryScreen.swift in Sources */,
				43A2DD442CB517CF002C41BE /* FlashCardAppApp.swift in Sources */,
				432016472CC7AD45001F3508 /* Category.swift in Sources */,
			);
			runOnlyForDeploymentPostprocessing = 0;
		};
/* End PBXSourcesBuildPhase section */

/* Begin XCBuildConfiguration section */
		43A2DD4E2CB517D0002C41BE /* Debug */ = {
			isa = XCBuildConfiguration;
			buildSettings = {
				ALWAYS_SEARCH_USER_PATHS = NO;
				ASSETCATALOG_COMPILER_GENERATE_SWIFT_ASSET_SYMBOL_EXTENSIONS = YES;
				CLANG_ANALYZER_NONNULL = YES;
				CLANG_ANALYZER_NUMBER_OBJECT_CONVERSION = YES_AGGRESSIVE;
				CLANG_CXX_LANGUAGE_STANDARD = "gnu++20";
				CLANG_ENABLE_MODULES = YES;
				CLANG_ENABLE_OBJC_ARC = YES;
				CLANG_ENABLE_OBJC_WEAK = YES;
				CLANG_WARN_BLOCK_CAPTURE_AUTORELEASING = YES;
				CLANG_WARN_BOOL_CONVERSION = YES;
				CLANG_WARN_COMMA = YES;
				CLANG_WARN_CONSTANT_CONVERSION = YES;
				CLANG_WARN_DEPRECATED_OBJC_IMPLEMENTATIONS = YES;
				CLANG_WARN_DIRECT_OBJC_ISA_USAGE = YES_ERROR;
				CLANG_WARN_DOCUMENTATION_COMMENTS = YES;
				CLANG_WARN_EMPTY_BODY = YES;
				CLANG_WARN_ENUM_CONVERSION = YES;
				CLANG_WARN_INFINITE_RECURSION = YES;
				CLANG_WARN_INT_CONVERSION = YES;
				CLANG_WARN_NON_LITERAL_NULL_CONVERSION = YES;
				CLANG_WARN_OBJC_IMPLICIT_RETAIN_SELF = YES;
				CLANG_WARN_OBJC_LITERAL_CONVERSION = YES;
				CLANG_WARN_OBJC_ROOT_CLASS = YES_ERROR;
				CLANG_WARN_QUOTED_INCLUDE_IN_FRAMEWORK_HEADER = YES;
				CLANG_WARN_RANGE_LOOP_ANALYSIS = YES;
				CLANG_WARN_STRICT_PROTOTYPES = YES;
				CLANG_WARN_SUSPICIOUS_MOVE = YES;
				CLANG_WARN_UNGUARDED_AVAILABILITY = YES_AGGRESSIVE;
				CLANG_WARN_UNREACHABLE_CODE = YES;
				CLANG_WARN__DUPLICATE_METHOD_MATCH = YES;
				COPY_PHASE_STRIP = NO;
				DEBUG_INFORMATION_FORMAT = dwarf;
				ENABLE_STRICT_OBJC_MSGSEND = YES;
				ENABLE_TESTABILITY = YES;
				ENABLE_USER_SCRIPT_SANDBOXING = YES;
				GCC_C_LANGUAGE_STANDARD = gnu17;
				GCC_DYNAMIC_NO_PIC = NO;
				GCC_NO_COMMON_BLOCKS = YES;
				GCC_OPTIMIZATION_LEVEL = 0;
				GCC_PREPROCESSOR_DEFINITIONS = (
					"DEBUG=1",
					"$(inherited)",
				);
				GCC_WARN_64_TO_32_BIT_CONVERSION = YES;
				GCC_WARN_ABOUT_RETURN_TYPE = YES_ERROR;
				GCC_WARN_UNDECLARED_SELECTOR = YES;
				GCC_WARN_UNINITIALIZED_AUTOS = YES_AGGRESSIVE;
				GCC_WARN_UNUSED_FUNCTION = YES;
				GCC_WARN_UNUSED_VARIABLE = YES;
				IPHONEOS_DEPLOYMENT_TARGET = 17.2;
				LOCALIZATION_PREFERS_STRING_CATALOGS = YES;
				MTL_ENABLE_DEBUG_INFO = INCLUDE_SOURCE;
				MTL_FAST_MATH = YES;
				ONLY_ACTIVE_ARCH = YES;
				SDKROOT = iphoneos;
				SWIFT_ACTIVE_COMPILATION_CONDITIONS = "DEBUG $(inherited)";
				SWIFT_OPTIMIZATION_LEVEL = "-Onone";
			};
			name = Debug;
		};
		43A2DD4F2CB517D0002C41BE /* Release */ = {
			isa = XCBuildConfiguration;
			buildSettings = {
				ALWAYS_SEARCH_USER_PATHS = NO;
				ASSETCATALOG_COMPILER_GENERATE_SWIFT_ASSET_SYMBOL_EXTENSIONS = YES;
				CLANG_ANALYZER_NONNULL = YES;
				CLANG_ANALYZER_NUMBER_OBJECT_CONVERSION = YES_AGGRESSIVE;
				CLANG_CXX_LANGUAGE_STANDARD = "gnu++20";
				CLANG_ENABLE_MODULES = YES;
				CLANG_ENABLE_OBJC_ARC = YES;
				CLANG_ENABLE_OBJC_WEAK = YES;
				CLANG_WARN_BLOCK_CAPTURE_AUTORELEASING = YES;
				CLANG_WARN_BOOL_CONVERSION = YES;
				CLANG_WARN_COMMA = YES;
				CLANG_WARN_CONSTANT_CONVERSION = YES;
				CLANG_WARN_DEPRECATED_OBJC_IMPLEMENTATIONS = YES;
				CLANG_WARN_DIRECT_OBJC_ISA_USAGE = YES_ERROR;
				CLANG_WARN_DOCUMENTATION_COMMENTS = YES;
				CLANG_WARN_EMPTY_BODY = YES;
				CLANG_WARN_ENUM_CONVERSION = YES;
				CLANG_WARN_INFINITE_RECURSION = YES;
				CLANG_WARN_INT_CONVERSION = YES;
				CLANG_WARN_NON_LITERAL_NULL_CONVERSION = YES;
				CLANG_WARN_OBJC_IMPLICIT_RETAIN_SELF = YES;
				CLANG_WARN_OBJC_LITERAL_CONVERSION = YES;
				CLANG_WARN_OBJC_ROOT_CLASS = YES_ERROR;
				CLANG_WARN_QUOTED_INCLUDE_IN_FRAMEWORK_HEADER = YES;
				CLANG_WARN_RANGE_LOOP_ANALYSIS = YES;
				CLANG_WARN_STRICT_PROTOTYPES = YES;
				CLANG_WARN_SUSPICIOUS_MOVE = YES;
				CLANG_WARN_UNGUARDED_AVAILABILITY = YES_AGGRESSIVE;
				CLANG_WARN_UNREACHABLE_CODE = YES;
				CLANG_WARN__DUPLICATE_METHOD_MATCH = YES;
				COPY_PHASE_STRIP = NO;
				DEBUG_INFORMATION_FORMAT = "dwarf-with-dsym";
				ENABLE_NS_ASSERTIONS = NO;
				ENABLE_STRICT_OBJC_MSGSEND = YES;
				ENABLE_USER_SCRIPT_SANDBOXING = YES;
				GCC_C_LANGUAGE_STANDARD = gnu17;
				GCC_NO_COMMON_BLOCKS = YES;
				GCC_WARN_64_TO_32_BIT_CONVERSION = YES;
				GCC_WARN_ABOUT_RETURN_TYPE = YES_ERROR;
				GCC_WARN_UNDECLARED_SELECTOR = YES;
				GCC_WARN_UNINITIALIZED_AUTOS = YES_AGGRESSIVE;
				GCC_WARN_UNUSED_FUNCTION = YES;
				GCC_WARN_UNUSED_VARIABLE = YES;
				IPHONEOS_DEPLOYMENT_TARGET = 17.2;
				LOCALIZATION_PREFERS_STRING_CATALOGS = YES;
				MTL_ENABLE_DEBUG_INFO = NO;
				MTL_FAST_MATH = YES;
				SDKROOT = iphoneos;
				SWIFT_COMPILATION_MODE = wholemodule;
				VALIDATE_PRODUCT = YES;
			};
			name = Release;
		};
		43A2DD512CB517D0002C41BE /* Debug */ = {
			isa = XCBuildConfiguration;
			buildSettings = {
				ASSETCATALOG_COMPILER_APPICON_NAME = AppIcon;
				ASSETCATALOG_COMPILER_GLOBAL_ACCENT_COLOR_NAME = AccentColor;
				CODE_SIGN_STYLE = Automatic;
				CURRENT_PROJECT_VERSION = 1;
				DEVELOPMENT_ASSET_PATHS = "\"FlashCardApp/Preview Content\"";
				ENABLE_PREVIEWS = YES;
				GENERATE_INFOPLIST_FILE = YES;
				INFOPLIST_KEY_UIApplicationSceneManifest_Generation = YES;
				INFOPLIST_KEY_UIApplicationSupportsIndirectInputEvents = YES;
				INFOPLIST_KEY_UILaunchScreen_Generation = YES;
				INFOPLIST_KEY_UISupportedInterfaceOrientations_iPad = "UIInterfaceOrientationPortrait UIInterfaceOrientationPortraitUpsideDown UIInterfaceOrientationLandscapeLeft UIInterfaceOrientationLandscapeRight";
				INFOPLIST_KEY_UISupportedInterfaceOrientations_iPhone = "UIInterfaceOrientationPortrait UIInterfaceOrientationLandscapeLeft UIInterfaceOrientationLandscapeRight";
				LD_RUNPATH_SEARCH_PATHS = (
					"$(inherited)",
					"@executable_path/Frameworks",
				);
				MARKETING_VERSION = 1.0;
				PRODUCT_BUNDLE_IDENTIFIER = com.ahmetutlu.FlashCardApp;
				PRODUCT_NAME = "$(TARGET_NAME)";
				SWIFT_EMIT_LOC_STRINGS = YES;
				SWIFT_VERSION = 5.0;
				TARGETED_DEVICE_FAMILY = "1,2";
			};
			name = Debug;
		};
		43A2DD522CB517D0002C41BE /* Release */ = {
			isa = XCBuildConfiguration;
			buildSettings = {
				ASSETCATALOG_COMPILER_APPICON_NAME = AppIcon;
				ASSETCATALOG_COMPILER_GLOBAL_ACCENT_COLOR_NAME = AccentColor;
				CODE_SIGN_STYLE = Automatic;
				CURRENT_PROJECT_VERSION = 1;
				DEVELOPMENT_ASSET_PATHS = "\"FlashCardApp/Preview Content\"";
				ENABLE_PREVIEWS = YES;
				GENERATE_INFOPLIST_FILE = YES;
				INFOPLIST_KEY_UIApplicationSceneManifest_Generation = YES;
				INFOPLIST_KEY_UIApplicationSupportsIndirectInputEvents = YES;
				INFOPLIST_KEY_UILaunchScreen_Generation = YES;
				INFOPLIST_KEY_UISupportedInterfaceOrientations_iPad = "UIInterfaceOrientationPortrait UIInterfaceOrientationPortraitUpsideDown UIInterfaceOrientationLandscapeLeft UIInterfaceOrientationLandscapeRight";
				INFOPLIST_KEY_UISupportedInterfaceOrientations_iPhone = "UIInterfaceOrientationPortrait UIInterfaceOrientationLandscapeLeft UIInterfaceOrientationLandscapeRight";
				LD_RUNPATH_SEARCH_PATHS = (
					"$(inherited)",
					"@executable_path/Frameworks",
				);
				MARKETING_VERSION = 1.0;
				PRODUCT_BUNDLE_IDENTIFIER = com.ahmetutlu.FlashCardApp;
				PRODUCT_NAME = "$(TARGET_NAME)";
				SWIFT_EMIT_LOC_STRINGS = YES;
				SWIFT_VERSION = 5.0;
				TARGETED_DEVICE_FAMILY = "1,2";
			};
			name = Release;
		};
/* End XCBuildConfiguration section */

/* Begin XCConfigurationList section */
		43A2DD3B2CB517CF002C41BE /* Build configuration list for PBXProject "FlashCardApp" */ = {
			isa = XCConfigurationList;
			buildConfigurations = (
				43A2DD4E2CB517D0002C41BE /* Debug */,
				43A2DD4F2CB517D0002C41BE /* Release */,
			);
			defaultConfigurationIsVisible = 0;
			defaultConfigurationName = Release;
		};
		43A2DD502CB517D0002C41BE /* Build configuration list for PBXNativeTarget "FlashCardApp" */ = {
			isa = XCConfigurationList;
			buildConfigurations = (
				43A2DD512CB517D0002C41BE /* Debug */,
				43A2DD522CB517D0002C41BE /* Release */,
			);
			defaultConfigurationIsVisible = 0;
			defaultConfigurationName = Release;
		};
/* End XCConfigurationList section */
	};
	rootObject = 43A2DD382CB517CF002C41BE /* Project object */;
}
